// !$*UTF8*$!
{
	archiveVersion = 1;
	classes = {
	};
	objectVersion = 46;
	objects = {

/* Begin PBXBuildFile section */
		A42D63911E091E5600F54C2D /* AppDelegate.swift in Sources */ = {isa = PBXBuildFile; fileRef = A42D63901E091E5600F54C2D /* AppDelegate.swift */; };
		A42D63931E091E5600F54C2D /* GameViewController.swift in Sources */ = {isa = PBXBuildFile; fileRef = A42D63921E091E5600F54C2D /* GameViewController.swift */; };
		A42D63961E091E5600F54C2D /* Main.storyboard in Resources */ = {isa = PBXBuildFile; fileRef = A42D63941E091E5600F54C2D /* Main.storyboard */; };
		A42D63981E091E5600F54C2D /* Assets.xcassets in Resources */ = {isa = PBXBuildFile; fileRef = A42D63971E091E5600F54C2D /* Assets.xcassets */; };
		A42D639B1E091E5600F54C2D /* LaunchScreen.storyboard in Resources */ = {isa = PBXBuildFile; fileRef = A42D63991E091E5600F54C2D /* LaunchScreen.storyboard */; };
		A42D63A31E091EBC00F54C2D /* GameScene.sks in Resources */ = {isa = PBXBuildFile; fileRef = A42D63A21E091EBC00F54C2D /* GameScene.sks */; };
		A4B29E6A1E0938AC00C0273E /* Actions.sks in Resources */ = {isa = PBXBuildFile; fileRef = A4B29E691E0938AC00C0273E /* Actions.sks */; };
		A4B29E6E1E0940C100C0273E /* GameScene.swift in Sources */ = {isa = PBXBuildFile; fileRef = A4B29E6D1E0940C100C0273E /* GameScene.swift */; };
		A4B29E701E0E39BF00C0273E /* DispenserState.swift in Sources */ = {isa = PBXBuildFile; fileRef = A4B29E6F1E0E39BF00C0273E /* DispenserState.swift */; };
		A4B29E721E0E4DCE00C0273E /* FullState.swift in Sources */ = {isa = PBXBuildFile; fileRef = A4B29E711E0E4DCE00C0273E /* FullState.swift */; };
		A4B29E751E0E5CF200C0273E /* PartiallyFullState.swift in Sources */ = {isa = PBXBuildFile; fileRef = A4B29E741E0E5CF200C0273E /* PartiallyFullState.swift */; };
		A4B29E771E0E5EF200C0273E /* Serve.swift in Sources */ = {isa = PBXBuildFile; fileRef = A4B29E761E0E5EF200C0273E /* Serve.swift */; };
/* End PBXBuildFile section */

/* Begin PBXFileReference section */
		A42D638D1E091E5600F54C2D /* ReproductionOfDispenser.app */ = {isa = PBXFileReference; explicitFileType = wrapper.application; includeInIndex = 0; path = ReproductionOfDispenser.app; sourceTree = BUILT_PRODUCTS_DIR; };
		A42D63901E091E5600F54C2D /* AppDelegate.swift */ = {isa = PBXFileReference; lastKnownFileType = sourcecode.swift; path = AppDelegate.swift; sourceTree = "<group>"; };
		A42D63921E091E5600F54C2D /* GameViewController.swift */ = {isa = PBXFileReference; lastKnownFileType = sourcecode.swift; path = GameViewController.swift; sourceTree = "<group>"; };
		A42D63951E091E5600F54C2D /* Base */ = {isa = PBXFileReference; lastKnownFileType = file.storyboard; name = Base; path = Base.lproj/Main.storyboard; sourceTree = "<group>"; };
		A42D63971E091E5600F54C2D /* Assets.xcassets */ = {isa = PBXFileReference; lastKnownFileType = folder.assetcatalog; path = Assets.xcassets; sourceTree = "<group>"; };
		A42D639A1E091E5600F54C2D /* Base */ = {isa = PBXFileReference; lastKnownFileType = file.storyboard; name = Base; path = Base.lproj/LaunchScreen.storyboard; sourceTree = "<group>"; };
		A42D639C1E091E5600F54C2D /* Info.plist */ = {isa = PBXFileReference; lastKnownFileType = text.plist.xml; path = Info.plist; sourceTree = "<group>"; };
		A42D63A21E091EBC00F54C2D /* GameScene.sks */ = {isa = PBXFileReference; lastKnownFileType = file.sks; name = GameScene.sks; path = ../GameScene.sks; sourceTree = "<group>"; };
		A4B29E691E0938AC00C0273E /* Actions.sks */ = {isa = PBXFileReference; lastKnownFileType = file.sks; name = Actions.sks; path = ../Actions.sks; sourceTree = "<group>"; };
		A4B29E6D1E0940C100C0273E /* GameScene.swift */ = {isa = PBXFileReference; fileEncoding = 4; lastKnownFileType = sourcecode.swift; name = GameScene.swift; path = ../GameScene.swift; sourceTree = "<group>"; };
		A4B29E6F1E0E39BF00C0273E /* DispenserState.swift */ = {isa = PBXFileReference; fileEncoding = 4; lastKnownFileType = sourcecode.swift; path = DispenserState.swift; sourceTree = "<group>"; };
		A4B29E711E0E4DCE00C0273E /* FullState.swift */ = {isa = PBXFileReference; fileEncoding = 4; lastKnownFileType = sourcecode.swift; path = FullState.swift; sourceTree = "<group>"; };
		A4B29E741E0E5CF200C0273E /* PartiallyFullState.swift */ = {isa = PBXFileReference; fileEncoding = 4; lastKnownFileType = sourcecode.swift; path = PartiallyFullState.swift; sourceTree = "<group>"; };
		A4B29E761E0E5EF200C0273E /* Serve.swift */ = {isa = PBXFileReference; fileEncoding = 4; lastKnownFileType = sourcecode.swift; path = Serve.swift; sourceTree = "<group>"; };
/* End PBXFileReference section */

/* Begin PBXFrameworksBuildPhase section */
		A42D638A1E091E5600F54C2D /* Frameworks */ = {
			isa = PBXFrameworksBuildPhase;
			buildActionMask = 2147483647;
			files = (
			);
			runOnlyForDeploymentPostprocessing = 0;
		};
/* End PBXFrameworksBuildPhase section */

/* Begin PBXGroup section */
		A42D63841E091E5600F54C2D = {
			isa = PBXGroup;
			children = (
				A42D638F1E091E5600F54C2D /* ReproductionOfDispenser */,
				A42D638E1E091E5600F54C2D /* Products */,
			);
			sourceTree = "<group>";
		};
		A42D638E1E091E5600F54C2D /* Products */ = {
			isa = PBXGroup;
			children = (
				A42D638D1E091E5600F54C2D /* ReproductionOfDispenser.app */,
			);
			name = Products;
			sourceTree = "<group>";
		};
		A42D638F1E091E5600F54C2D /* ReproductionOfDispenser */ = {
			isa = PBXGroup;
			children = (
				A42D63901E091E5600F54C2D /* AppDelegate.swift */,
				A42D63921E091E5600F54C2D /* GameViewController.swift */,
				A4B29E6D1E0940C100C0273E /* GameScene.swift */,
				A4B29E731E0E4DD600C0273E /* States */,
				A42D63A21E091EBC00F54C2D /* GameScene.sks */,
				A4B29E691E0938AC00C0273E /* Actions.sks */,
				A42D63941E091E5600F54C2D /* Main.storyboard */,
				A42D63971E091E5600F54C2D /* Assets.xcassets */,
				A42D63991E091E5600F54C2D /* LaunchScreen.storyboard */,
				A42D639C1E091E5600F54C2D /* Info.plist */,
			);
			path = ReproductionOfDispenser;
			sourceTree = "<group>";
		};
		A4B29E731E0E4DD600C0273E /* States */ = {
			isa = PBXGroup;
			children = (
				A4B29E6F1E0E39BF00C0273E /* DispenserState.swift */,
				A4B29E711E0E4DCE00C0273E /* FullState.swift */,
				A4B29E741E0E5CF200C0273E /* PartiallyFullState.swift */,
				A4B29E761E0E5EF200C0273E /* Serve.swift */,
			);
			name = States;
			sourceTree = "<group>";
		};
/* End PBXGroup section */

/* Begin PBXNativeTarget section */
		A42D638C1E091E5600F54C2D /* ReproductionOfDispenser */ = {
			isa = PBXNativeTarget;
			buildConfigurationList = A42D639F1E091E5600F54C2D /* Build configuration list for PBXNativeTarget "ReproductionOfDispenser" */;
			buildPhases = (
				A42D63891E091E5600F54C2D /* Sources */,
				A42D638A1E091E5600F54C2D /* Frameworks */,
				A42D638B1E091E5600F54C2D /* Resources */,
			);
			buildRules = (
			);
			dependencies = (
			);
			name = ReproductionOfDispenser;
			productName = ReproductionOfDispenser;
			productReference = A42D638D1E091E5600F54C2D /* ReproductionOfDispenser.app */;
			productType = "com.apple.product-type.application";
		};
/* End PBXNativeTarget section */

/* Begin PBXProject section */
		A42D63851E091E5600F54C2D /* Project object */ = {
			isa = PBXProject;
			attributes = {
				LastSwiftUpdateCheck = 0820;
				LastUpgradeCheck = 0820;
				ORGANIZATIONNAME = YourName;
				TargetAttributes = {
					A42D638C1E091E5600F54C2D = {
						CreatedOnToolsVersion = 8.2;
						DevelopmentTeam = 95B35WLDBN;
						ProvisioningStyle = Automatic;
					};
				};
			};
			buildConfigurationList = A42D63881E091E5600F54C2D /* Build configuration list for PBXProject "ReproductionOfDispenser" */;
			compatibilityVersion = "Xcode 3.2";
			developmentRegion = English;
			hasScannedForEncodings = 0;
			knownRegions = (
				en,
				Base,
			);
			mainGroup = A42D63841E091E5600F54C2D;
			productRefGroup = A42D638E1E091E5600F54C2D /* Products */;
			projectDirPath = "";
			projectRoot = "";
			targets = (
				A42D638C1E091E5600F54C2D /* ReproductionOfDispenser */,
			);
		};
/* End PBXProject section */

/* Begin PBXResourcesBuildPhase section */
		A42D638B1E091E5600F54C2D /* Resources */ = {
			isa = PBXResourcesBuildPhase;
			buildActionMask = 2147483647;
			files = (
				A42D63A31E091EBC00F54C2D /* GameScene.sks in Resources */,
				A42D639B1E091E5600F54C2D /* LaunchScreen.storyboard in Resources */,
				A42D63981E091E5600F54C2D /* Assets.xcassets in Resources */,
				A42D63961E091E5600F54C2D /* Main.storyboard in Resources */,
				A4B29E6A1E0938AC00C0273E /* Actions.sks in Resources */,
			);
			runOnlyForDeploymentPostprocessing = 0;
		};
/* End PBXResourcesBuildPhase section */

/* Begin PBXSourcesBuildPhase section */
		A42D63891E091E5600F54C2D /* Sources */ = {
			isa = PBXSourcesBuildPhase;
			buildActionMask = 2147483647;
			files = (
				A4B29E6E1E0940C100C0273E /* GameScene.swift in Sources */,
				A4B29E721E0E4DCE00C0273E /* FullState.swift in Sources */,
				A4B29E701E0E39BF00C0273E /* DispenserState.swift in Sources */,
				A42D63931E091E5600F54C2D /* GameViewController.swift in Sources */,
				A42D63911E091E5600F54C2D /* AppDelegate.swift in Sources */,
				A4B29E751E0E5CF200C0273E /* PartiallyFullState.swift in Sources */,
				A4B29E771E0E5EF200C0273E /* Serve.swift in Sources */,
			);
			runOnlyForDeploymentPostprocessing = 0;
		};
/* End PBXSourcesBuildPhase section */

/* Begin PBXVariantGroup section */
		A42D63941E091E5600F54C2D /* Main.storyboard */ = {
			isa = PBXVariantGroup;
			children = (
				A42D63951E091E5600F54C2D /* Base */,
			);
			name = Main.storyboard;
			sourceTree = "<group>";
		};
		A42D63991E091E5600F54C2D /* LaunchScreen.storyboard */ = {
			isa = PBXVariantGroup;
			children = (
				A42D639A1E091E5600F54C2D /* Base */,
			);
			name = LaunchScreen.storyboard;
			sourceTree = "<group>";
		};
/* End PBXVariantGroup section */

/* Begin XCBuildConfiguration section */
		A42D639D1E091E5600F54C2D /* Debug */ = {
			isa = XCBuildConfiguration;
			buildSettings = {
				ALWAYS_SEARCH_USER_PATHS = NO;
				CLANG_ANALYZER_NONNULL = YES;
				CLANG_CXX_LANGUAGE_STANDARD = "gnu++0x";
				CLANG_CXX_LIBRARY = "libc++";
				CLANG_ENABLE_MODULES = YES;
				CLANG_ENABLE_OBJC_ARC = YES;
				CLANG_WARN_BOOL_CONVERSION = YES;
				CLANG_WARN_CONSTANT_CONVERSION = YES;
				CLANG_WARN_DIRECT_OBJC_ISA_USAGE = YES_ERROR;
				CLANG_WARN_DOCUMENTATION_COMMENTS = YES;
				CLANG_WARN_EMPTY_BODY = YES;
				CLANG_WARN_ENUM_CONVERSION = YES;
				CLANG_WARN_INFINITE_RECURSION = YES;
				CLANG_WARN_INT_CONVERSION = YES;
				CLANG_WARN_OBJC_ROOT_CLASS = YES_ERROR;
				CLANG_WARN_SUSPICIOUS_MOVE = YES;
				CLANG_WARN_UNREACHABLE_CODE = YES;
				CLANG_WARN__DUPLICATE_METHOD_MATCH = YES;
				"CODE_SIGN_IDENTITY[sdk=iphoneos*]" = "iPhone Developer";
				COPY_PHASE_STRIP = NO;
				DEBUG_INFORMATION_FORMAT = dwarf;
				ENABLE_STRICT_OBJC_MSGSEND = YES;
				ENABLE_TESTABILITY = YES;
				GCC_C_LANGUAGE_STANDARD = gnu99;
				GCC_DYNAMIC_NO_PIC = NO;
				GCC_NO_COMMON_BLOCKS = YES;
				GCC_OPTIMIZATION_LEVEL = 0;
				GCC_PREPROCESSOR_DEFINITIONS = (
					"DEBUG=1",
					"$(inherited)",
				);
				GCC_WARN_64_TO_32_BIT_CONVERSION = YES;
				GCC_WARN_ABOUT_RETURN_TYPE = YES_ERROR;
				GCC_WARN_UNDECLARED_SELECTOR = YES;
				GCC_WARN_UNINITIALIZED_AUTOS = YES_AGGRESSIVE;
				GCC_WARN_UNUSED_FUNCTION = YES;
				GCC_WARN_UNUSED_VARIABLE = YES;
				IPHONEOS_DEPLOYMENT_TARGET = 10.2;
				MTL_ENABLE_DEBUG_INFO = YES;
				ONLY_ACTIVE_ARCH = YES;
				SDKROOT = iphoneos;
				SWIFT_ACTIVE_COMPILATION_CONDITIONS = DEBUG;
				SWIFT_OPTIMIZATION_LEVEL = "-Onone";
				TARGETED_DEVICE_FAMILY = "1,2";
			};
			name = Debug;
		};
		A42D639E1E091E5600F54C2D /* Release */ = {
			isa = XCBuildConfiguration;
			buildSettings = {
				ALWAYS_SEARCH_USER_PATHS = NO;
				CLANG_ANALYZER_NONNULL = YES;
				CLANG_CXX_LANGUAGE_STANDARD = "gnu++0x";
				CLANG_CXX_LIBRARY = "libc++";
				CLANG_ENABLE_MODULES = YES;
				CLANG_ENABLE_OBJC_ARC = YES;
				CLANG_WARN_BOOL_CONVERSION = YES;
				CLANG_WARN_CONSTANT_CONVERSION = YES;
				CLANG_WARN_DIRECT_OBJC_ISA_USAGE = YES_ERROR;
				CLANG_WARN_DOCUMENTATION_COMMENTS = YES;
				CLANG_WARN_EMPTY_BODY = YES;
				CLANG_WARN_ENUM_CONVERSION = YES;
				CLANG_WARN_INFINITE_RECURSION = YES;
				CLANG_WARN_INT_CONVERSION = YES;
				CLANG_WARN_OBJC_ROOT_CLASS = YES_ERROR;
				CLANG_WARN_SUSPICIOUS_MOVE = YES;
				CLANG_WARN_UNREACHABLE_CODE = YES;
				CLANG_WARN__DUPLICATE_METHOD_MATCH = YES;
				"CODE_SIGN_IDENTITY[sdk=iphoneos*]" = "iPhone Developer";
				COPY_PHASE_STRIP = NO;
				DEBUG_INFORMATION_FORMAT = "dwarf-with-dsym";
				ENABLE_NS_ASSERTIONS = NO;
				ENABLE_STRICT_OBJC_MSGSEND = YES;
				GCC_C_LANGUAGE_STANDARD = gnu99;
				GCC_NO_COMMON_BLOCKS = YES;
				GCC_WARN_64_TO_32_BIT_CONVERSION = YES;
				GCC_WARN_ABOUT_RETURN_TYPE = YES_ERROR;
				GCC_WARN_UNDECLARED_SELECTOR = YES;
				GCC_WARN_UNINITIALIZED_AUTOS = YES_AGGRESSIVE;
				GCC_WARN_UNUSED_FUNCTION = YES;
				GCC_WARN_UNUSED_VARIABLE = YES;
				IPHONEOS_DEPLOYMENT_TARGET = 10.2;
				MTL_ENABLE_DEBUG_INFO = NO;
				SDKROOT = iphoneos;
				SWIFT_OPTIMIZATION_LEVEL = "-Owholemodule";
				TARGETED_DEVICE_FAMILY = "1,2";
				VALIDATE_PRODUCT = YES;
			};
			name = Release;
		};
		A42D63A01E091E5600F54C2D /* Debug */ = {
			isa = XCBuildConfiguration;
			buildSettings = {
				ASSETCATALOG_COMPILER_APPICON_NAME = AppIcon;
				DEVELOPMENT_TEAM = 95B35WLDBN;
				INFOPLIST_FILE = ReproductionOfDispenser/Info.plist;
				LD_RUNPATH_SEARCH_PATHS = "$(inherited) @executable_path/Frameworks";
				PRODUCT_BUNDLE_IDENTIFIER = com.swifties.ReproductionOfDispenser;
				PRODUCT_NAME = "$(TARGET_NAME)";
				SWIFT_VERSION = 3.0;
			};
			name = Debug;
		};
		A42D63A11E091E5600F54C2D /* Release */ = {
			isa = XCBuildConfiguration;
			buildSettings = {
				ASSETCATALOG_COMPILER_APPICON_NAME = AppIcon;
				DEVELOPMENT_TEAM = 95B35WLDBN;
				INFOPLIST_FILE = ReproductionOfDispenser/Info.plist;
				LD_RUNPATH_SEARCH_PATHS = "$(inherited) @executable_path/Frameworks";
				PRODUCT_BUNDLE_IDENTIFIER = com.swifties.ReproductionOfDispenser;
				PRODUCT_NAME = "$(TARGET_NAME)";
				SWIFT_VERSION = 3.0;
			};
			name = Release;
		};
/* End XCBuildConfiguration section */

/* Begin XCConfigurationList section */
		A42D63881E091E5600F54C2D /* Build configuration list for PBXProject "ReproductionOfDispenser" */ = {
			isa = XCConfigurationList;
			buildConfigurations = (
				A42D639D1E091E5600F54C2D /* Debug */,
				A42D639E1E091E5600F54C2D /* Release */,
			);
			defaultConfigurationIsVisible = 0;
			defaultConfigurationName = Release;
		};
		A42D639F1E091E5600F54C2D /* Build configuration list for PBXNativeTarget "ReproductionOfDispenser" */ = {
			isa = XCConfigurationList;
			buildConfigurations = (
				A42D63A01E091E5600F54C2D /* Debug */,
				A42D63A11E091E5600F54C2D /* Release */,
			);
			defaultConfigurationIsVisible = 0;
			defaultConfigurationName = Release;
		};
/* End XCConfigurationList section */
	};
	rootObject = A42D63851E091E5600F54C2D /* Project object */;
}
